
Microsoft Visual Studio Solution File, Format Version 12.00
# Visual Studio 15
VisualStudioVersion = 15.0.28306.52
MinimumVisualStudioVersion = 10.0.40219.1
Project("{FAE04EC0-301F-11D3-BF4B-00C04F79EFBC}") = "ConsoleTestVoice", "ConsoleTestVoice\ConsoleTestVoice.csproj", "{ED67068A-82B0-4647-A320-81632EDDF878}"
EndProject
Global
	GlobalSection(SolutionConfigurationPlatforms) = preSolution
		Debug|Any CPU = Debug|Any CPU
		Release|Any CPU = Release|Any CPU
	EndGlobalSection
	GlobalSection(ProjectConfigurationPlatforms) = postSolution
		{ED67068A-82B0-4647-A320-81632EDDF878}.Debug|Any CPU.ActiveCfg = Debug|Any CPU
		{ED67068A-82B0-4647-A320-81632EDDF878}.Debug|Any CPU.Build.0 = Debug|Any CPU
		{ED67068A-82B0-4647-A320-81632EDDF878}.Release|Any CPU.ActiveCfg = Release|Any CPU
		{ED67068A-82B0-4647-A320-81632EDDF878}.Release|Any CPU.Build.0 = Release|Any CPU
	EndGlobalSection
	GlobalSection(SolutionProperties) = preSolution
		HideSolutionNode = FALSE
	EndGlobalSection
	GlobalSection(ExtensibilityGlobals) = postSolution
		SolutionGuid = {7F8326E1-F4EC-4524-B4E0-F98942E1F2A9}
	EndGlobalSection
EndGlobal
